{
    "name": "types-roll20",
    "version": "1.1.2",
    "lockfileVersion": 1,
    "requires": true,
    "dependencies": {
        "@types/underscore": {
            "version": "1.10.24",
            "resolved": "https://registry.npmjs.org/@types/underscore/-/underscore-1.10.24.tgz",
            "integrity": "sha512-T3NQD8hXNW2sRsSbLNjF/aBo18MyJlbw0lSpQHB/eZZtScPdexN4HSa8cByYwTw9Wy7KuOFr81mlDQcQQaZ79w=="
        },
        "typescript": {
            "version": "4.1.0-beta",
            "resolved": "https://registry.npmjs.org/typescript/-/typescript-4.1.0-beta.tgz",
            "integrity": "sha512-b/LAttdVl3G6FEmnMkDsK0xvfvaftXpSKrjXn+OVCRqrwz5WD/6QJOiN+dTorqDY+hkaH+r2gP5wI1jBDmdQ7A=="
        }
    }
}
