{
    "name": "@types/roll20",
    "version": "1.0.3",
    "lockfileVersion": 1,
    "requires": true,
    "dependencies": {
        "@types/cheerio": {
            "version": "0.22.0",
            "resolved": "https://www.myget.org/F/roll20/npm/@types/cheerio/-/@types/cheerio-0.22.0.tgz",
            "integrity": "sha1-TjCL8OIjxjKz3jrfUhE53HqlHjQ=",
            "dev": true
        }
    }
}
